// !$*UTF8*$!
{
	archiveVersion = 1;
	classes = {
	};
	objectVersion = 46;
	objects = {

/* Begin PBXBuildFile section */
		9C70B0741EF36D2800E9813D /* main.m in Sources */ = {isa = PBXBuildFile; fileRef = 9C70B0731EF36D2800E9813D /* main.m */; };
		9C70B0771EF36D2800E9813D /* AppDelegate.m in Sources */ = {isa = PBXBuildFile; fileRef = 9C70B0761EF36D2800E9813D /* AppDelegate.m */; };
		9C70B07A1EF36D2800E9813D /* ViewController.m in Sources */ = {isa = PBXBuildFile; fileRef = 9C70B0791EF36D2800E9813D /* ViewController.m */; };
		9C70B07D1EF36D2800E9813D /* Main.storyboard in Resources */ = {isa = PBXBuildFile; fileRef = 9C70B07B1EF36D2800E9813D /* Main.storyboard */; };
		9C70B07F1EF36D2800E9813D /* Assets.xcassets in Resources */ = {isa = PBXBuildFile; fileRef = 9C70B07E1EF36D2800E9813D /* Assets.xcassets */; };
		9C70B0821EF36D2800E9813D /* LaunchScreen.storyboard in Resources */ = {isa = PBXBuildFile; fileRef = 9C70B0801EF36D2800E9813D /* LaunchScreen.storyboard */; };
		9C70B08D1EF36D2800E9813D /* AJCollectionViewTests.m in Sources */ = {isa = PBXBuildFile; fileRef = 9C70B08C1EF36D2800E9813D /* AJCollectionViewTests.m */; };
		9C70B0981EF36D2800E9813D /* AJCollectionViewUITests.m in Sources */ = {isa = PBXBuildFile; fileRef = 9C70B0971EF36D2800E9813D /* AJCollectionViewUITests.m */; };
		9C70B0AB1EF36DF000E9813D /* AJCollectionViewCell.m in Sources */ = {isa = PBXBuildFile; fileRef = 9C70B0A91EF36DF000E9813D /* AJCollectionViewCell.m */; };
		9C70B0B21EF3821300E9813D /* AJFlowLayout.m in Sources */ = {isa = PBXBuildFile; fileRef = 9C70B0B11EF3821300E9813D /* AJFlowLayout.m */; };
		9C70B0B51EF3B29400E9813D /* AJHeaderViewCollectionReusableView.m in Sources */ = {isa = PBXBuildFile; fileRef = 9C70B0B41EF3B29400E9813D /* AJHeaderViewCollectionReusableView.m */; };
/* End PBXBuildFile section */

/* Begin PBXContainerItemProxy section */
		9C70B0891EF36D2800E9813D /* PBXContainerItemProxy */ = {
			isa = PBXContainerItemProxy;
			containerPortal = 9C70B0671EF36D2800E9813D /* Project object */;
			proxyType = 1;
			remoteGlobalIDString = 9C70B06E1EF36D2800E9813D;
			remoteInfo = AJCollectionView;
		};
		9C70B0941EF36D2800E9813D /* PBXContainerItemProxy */ = {
			isa = PBXContainerItemProxy;
			containerPortal = 9C70B0671EF36D2800E9813D /* Project object */;
			proxyType = 1;
			remoteGlobalIDString = 9C70B06E1EF36D2800E9813D;
			remoteInfo = AJCollectionView;
		};
/* End PBXContainerItemProxy section */

/* Begin PBXFileReference section */
		9C70B06F1EF36D2800E9813D /* AJCollectionView.app */ = {isa = PBXFileReference; explicitFileType = wrapper.application; includeInIndex = 0; path = AJCollectionView.app; sourceTree = BUILT_PRODUCTS_DIR; };
		9C70B0731EF36D2800E9813D /* main.m */ = {isa = PBXFileReference; lastKnownFileType = sourcecode.c.objc; path = main.m; sourceTree = "<group>"; };
		9C70B0751EF36D2800E9813D /* AppDelegate.h */ = {isa = PBXFileReference; lastKnownFileType = sourcecode.c.h; path = AppDelegate.h; sourceTree = "<group>"; };
		9C70B0761EF36D2800E9813D /* AppDelegate.m */ = {isa = PBXFileReference; lastKnownFileType = sourcecode.c.objc; path = AppDelegate.m; sourceTree = "<group>"; };
		9C70B0781EF36D2800E9813D /* ViewController.h */ = {isa = PBXFileReference; lastKnownFileType = sourcecode.c.h; path = ViewController.h; sourceTree = "<group>"; };
		9C70B0791EF36D2800E9813D /* ViewController.m */ = {isa = PBXFileReference; lastKnownFileType = sourcecode.c.objc; path = ViewController.m; sourceTree = "<group>"; };
		9C70B07C1EF36D2800E9813D /* Base */ = {isa = PBXFileReference; lastKnownFileType = file.storyboard; name = Base; path = Base.lproj/Main.storyboard; sourceTree = "<group>"; };
		9C70B07E1EF36D2800E9813D /* Assets.xcassets */ = {isa = PBXFileReference; lastKnownFileType = folder.assetcatalog; path = Assets.xcassets; sourceTree = "<group>"; };
		9C70B0811EF36D2800E9813D /* Base */ = {isa = PBXFileReference; lastKnownFileType = file.storyboard; name = Base; path = Base.lproj/LaunchScreen.storyboard; sourceTree = "<group>"; };
		9C70B0831EF36D2800E9813D /* Info.plist */ = {isa = PBXFileReference; lastKnownFileType = text.plist.xml; path = Info.plist; sourceTree = "<group>"; };
		9C70B0881EF36D2800E9813D /* AJCollectionViewTests.xctest */ = {isa = PBXFileReference; explicitFileType = wrapper.cfbundle; includeInIndex = 0; path = AJCollectionViewTests.xctest; sourceTree = BUILT_PRODUCTS_DIR; };
		9C70B08C1EF36D2800E9813D /* AJCollectionViewTests.m */ = {isa = PBXFileReference; lastKnownFileType = sourcecode.c.objc; path = AJCollectionViewTests.m; sourceTree = "<group>"; };
		9C70B08E1EF36D2800E9813D /* Info.plist */ = {isa = PBXFileReference; lastKnownFileType = text.plist.xml; path = Info.plist; sourceTree = "<group>"; };
		9C70B0931EF36D2800E9813D /* AJCollectionViewUITests.xctest */ = {isa = PBXFileReference; explicitFileType = wrapper.cfbundle; includeInIndex = 0; path = AJCollectionViewUITests.xctest; sourceTree = BUILT_PRODUCTS_DIR; };
		9C70B0971EF36D2800E9813D /* AJCollectionViewUITests.m */ = {isa = PBXFileReference; lastKnownFileType = sourcecode.c.objc; path = AJCollectionViewUITests.m; sourceTree = "<group>"; };
		9C70B0991EF36D2900E9813D /* Info.plist */ = {isa = PBXFileReference; lastKnownFileType = text.plist.xml; path = Info.plist; sourceTree = "<group>"; };
		9C70B0A81EF36DF000E9813D /* AJCollectionViewCell.h */ = {isa = PBXFileReference; fileEncoding = 4; lastKnownFileType = sourcecode.c.h; path = AJCollectionViewCell.h; sourceTree = SOURCE_ROOT; };
		9C70B0A91EF36DF000E9813D /* AJCollectionViewCell.m */ = {isa = PBXFileReference; fileEncoding = 4; lastKnownFileType = sourcecode.c.objc; path = AJCollectionViewCell.m; sourceTree = SOURCE_ROOT; };
		9C70B0B01EF3821300E9813D /* AJFlowLayout.h */ = {isa = PBXFileReference; fileEncoding = 4; lastKnownFileType = sourcecode.c.h; path = AJFlowLayout.h; sourceTree = "<group>"; };
		9C70B0B11EF3821300E9813D /* AJFlowLayout.m */ = {isa = PBXFileReference; fileEncoding = 4; lastKnownFileType = sourcecode.c.objc; path = AJFlowLayout.m; sourceTree = "<group>"; };
		9C70B0B31EF3B29400E9813D /* AJHeaderViewCollectionReusableView.h */ = {isa = PBXFileReference; fileEncoding = 4; lastKnownFileType = sourcecode.c.h; path = AJHeaderViewCollectionReusableView.h; sourceTree = "<group>"; };
		9C70B0B41EF3B29400E9813D /* AJHeaderViewCollectionReusableView.m */ = {isa = PBXFileReference; fileEncoding = 4; lastKnownFileType = sourcecode.c.objc; path = AJHeaderViewCollectionReusableView.m; sourceTree = "<group>"; };
/* End PBXFileReference section */

/* Begin PBXFrameworksBuildPhase section */
		9C70B06C1EF36D2800E9813D /* Frameworks */ = {
			isa = PBXFrameworksBuildPhase;
			buildActionMask = 2147483647;
			files = (
			);
			runOnlyForDeploymentPostprocessing = 0;
		};
		9C70B0851EF36D2800E9813D /* Frameworks */ = {
			isa = PBXFrameworksBuildPhase;
			buildActionMask = 2147483647;
			files = (
			);
			runOnlyForDeploymentPostprocessing = 0;
		};
		9C70B0901EF36D2800E9813D /* Frameworks */ = {
			isa = PBXFrameworksBuildPhase;
			buildActionMask = 2147483647;
			files = (
			);
			runOnlyForDeploymentPostprocessing = 0;
		};
/* End PBXFrameworksBuildPhase section */

/* Begin PBXGroup section */
		9C70B0661EF36D2800E9813D = {
			isa = PBXGroup;
			children = (
				9C70B0711EF36D2800E9813D /* AJCollectionView */,
				9C70B08B1EF36D2800E9813D /* AJCollectionViewTests */,
				9C70B0961EF36D2800E9813D /* AJCollectionViewUITests */,
				9C70B0701EF36D2800E9813D /* Products */,
			);
			sourceTree = "<group>";
		};
		9C70B0701EF36D2800E9813D /* Products */ = {
			isa = PBXGroup;
			children = (
				9C70B06F1EF36D2800E9813D /* AJCollectionView.app */,
				9C70B0881EF36D2800E9813D /* AJCollectionViewTests.xctest */,
				9C70B0931EF36D2800E9813D /* AJCollectionViewUITests.xctest */,
			);
			name = Products;
			sourceTree = "<group>";
		};
		9C70B0711EF36D2800E9813D /* AJCollectionView */ = {
			isa = PBXGroup;
			children = (
				9C70B0751EF36D2800E9813D /* AppDelegate.h */,
				9C70B0761EF36D2800E9813D /* AppDelegate.m */,
				9C70B0781EF36D2800E9813D /* ViewController.h */,
				9C70B0791EF36D2800E9813D /* ViewController.m */,
				9C70B0A81EF36DF000E9813D /* AJCollectionViewCell.h */,
				9C70B0A91EF36DF000E9813D /* AJCollectionViewCell.m */,
				9C70B0B01EF3821300E9813D /* AJFlowLayout.h */,
				9C70B0B11EF3821300E9813D /* AJFlowLayout.m */,
				9C70B0B31EF3B29400E9813D /* AJHeaderViewCollectionReusableView.h */,
				9C70B0B41EF3B29400E9813D /* AJHeaderViewCollectionReusableView.m */,
				9C70B07B1EF36D2800E9813D /* Main.storyboard */,
				9C70B07E1EF36D2800E9813D /* Assets.xcassets */,
				9C70B0801EF36D2800E9813D /* LaunchScreen.storyboard */,
				9C70B0831EF36D2800E9813D /* Info.plist */,
				9C70B0721EF36D2800E9813D /* Supporting Files */,
			);
			path = AJCollectionView;
			sourceTree = "<group>";
		};
		9C70B0721EF36D2800E9813D /* Supporting Files */ = {
			isa = PBXGroup;
			children = (
				9C70B0731EF36D2800E9813D /* main.m */,
			);
			name = "Supporting Files";
			sourceTree = "<group>";
		};
		9C70B08B1EF36D2800E9813D /* AJCollectionViewTests */ = {
			isa = PBXGroup;
			children = (
				9C70B08C1EF36D2800E9813D /* AJCollectionViewTests.m */,
				9C70B08E1EF36D2800E9813D /* Info.plist */,
			);
			path = AJCollectionViewTests;
			sourceTree = "<group>";
		};
		9C70B0961EF36D2800E9813D /* AJCollectionViewUITests */ = {
			isa = PBXGroup;
			children = (
				9C70B0971EF36D2800E9813D /* AJCollectionViewUITests.m */,
				9C70B0991EF36D2900E9813D /* Info.plist */,
			);
			path = AJCollectionViewUITests;
			sourceTree = "<group>";
		};
/* End PBXGroup section */

/* Begin PBXNativeTarget section */
		9C70B06E1EF36D2800E9813D /* AJCollectionView */ = {
			isa = PBXNativeTarget;
			buildConfigurationList = 9C70B09C1EF36D2900E9813D /* Build configuration list for PBXNativeTarget "AJCollectionView" */;
			buildPhases = (
				9C70B06B1EF36D2800E9813D /* Sources */,
				9C70B06C1EF36D2800E9813D /* Frameworks */,
				9C70B06D1EF36D2800E9813D /* Resources */,
			);
			buildRules = (
			);
			dependencies = (
			);
			name = AJCollectionView;
			productName = AJCollectionView;
			productReference = 9C70B06F1EF36D2800E9813D /* AJCollectionView.app */;
			productType = "com.apple.product-type.application";
		};
		9C70B0871EF36D2800E9813D /* AJCollectionViewTests */ = {
			isa = PBXNativeTarget;
			buildConfigurationList = 9C70B09F1EF36D2900E9813D /* Build configuration list for PBXNativeTarget "AJCollectionViewTests" */;
			buildPhases = (
				9C70B0841EF36D2800E9813D /* Sources */,
				9C70B0851EF36D2800E9813D /* Frameworks */,
				9C70B0861EF36D2800E9813D /* Resources */,
			);
			buildRules = (
			);
			dependencies = (
				9C70B08A1EF36D2800E9813D /* PBXTargetDependency */,
			);
			name = AJCollectionViewTests;
			productName = AJCollectionViewTests;
			productReference = 9C70B0881EF36D2800E9813D /* AJCollectionViewTests.xctest */;
			productType = "com.apple.product-type.bundle.unit-test";
		};
		9C70B0921EF36D2800E9813D /* AJCollectionViewUITests */ = {
			isa = PBXNativeTarget;
			buildConfigurationList = 9C70B0A21EF36D2900E9813D /* Build configuration list for PBXNativeTarget "AJCollectionViewUITests" */;
			buildPhases = (
				9C70B08F1EF36D2800E9813D /* Sources */,
				9C70B0901EF36D2800E9813D /* Frameworks */,
				9C70B0911EF36D2800E9813D /* Resources */,
			);
			buildRules = (
			);
			dependencies = (
				9C70B0951EF36D2800E9813D /* PBXTargetDependency */,
			);
			name = AJCollectionViewUITests;
			productName = AJCollectionViewUITests;
			productReference = 9C70B0931EF36D2800E9813D /* AJCollectionViewUITests.xctest */;
			productType = "com.apple.product-type.bundle.ui-testing";
		};
/* End PBXNativeTarget section */

/* Begin PBXProject section */
		9C70B0671EF36D2800E9813D /* Project object */ = {
			isa = PBXProject;
			attributes = {
				LastUpgradeCheck = 0810;
				ORGANIZATIONNAME = zhundao;
				TargetAttributes = {
					9C70B06E1EF36D2800E9813D = {
						CreatedOnToolsVersion = 8.1;
						DevelopmentTeam = YH49M9STFP;
						ProvisioningStyle = Automatic;
					};
					9C70B0871EF36D2800E9813D = {
						CreatedOnToolsVersion = 8.1;
						DevelopmentTeam = R3NJNLNRFZ;
						ProvisioningStyle = Automatic;
						TestTargetID = 9C70B06E1EF36D2800E9813D;
					};
					9C70B0921EF36D2800E9813D = {
						CreatedOnToolsVersion = 8.1;
						DevelopmentTeam = R3NJNLNRFZ;
						ProvisioningStyle = Automatic;
						TestTargetID = 9C70B06E1EF36D2800E9813D;
					};
				};
			};
			buildConfigurationList = 9C70B06A1EF36D2800E9813D /* Build configuration list for PBXProject "AJCollectionView" */;
			compatibilityVersion = "Xcode 3.2";
			developmentRegion = English;
			hasScannedForEncodings = 0;
			knownRegions = (
				en,
				Base,
			);
			mainGroup = 9C70B0661EF36D2800E9813D;
			productRefGroup = 9C70B0701EF36D2800E9813D /* Products */;
			projectDirPath = "";
			projectRoot = "";
			targets = (
				9C70B06E1EF36D2800E9813D /* AJCollectionView */,
				9C70B0871EF36D2800E9813D /* AJCollectionViewTests */,
				9C70B0921EF36D2800E9813D /* AJCollectionViewUITests */,
			);
		};
/* End PBXProject section */

/* Begin PBXResourcesBuildPhase section */
		9C70B06D1EF36D2800E9813D /* Resources */ = {
			isa = PBXResourcesBuildPhase;
			buildActionMask = 2147483647;
			files = (
				9C70B0821EF36D2800E9813D /* LaunchScreen.storyboard in Resources */,
				9C70B07F1EF36D2800E9813D /* Assets.xcassets in Resources */,
				9C70B07D1EF36D2800E9813D /* Main.storyboard in Resources */,
			);
			runOnlyForDeploymentPostprocessing = 0;
		};
		9C70B0861EF36D2800E9813D /* Resources */ = {
			isa = PBXResourcesBuildPhase;
			buildActionMask = 2147483647;
			files = (
			);
			runOnlyForDeploymentPostprocessing = 0;
		};
		9C70B0911EF36D2800E9813D /* Resources */ = {
			isa = PBXResourcesBuildPhase;
			buildActionMask = 2147483647;
			files = (
			);
			runOnlyForDeploymentPostprocessing = 0;
		};
/* End PBXResourcesBuildPhase section */

/* Begin PBXSourcesBuildPhase section */
		9C70B06B1EF36D2800E9813D /* Sources */ = {
			isa = PBXSourcesBuildPhase;
			buildActionMask = 2147483647;
			files = (
				9C70B0B21EF3821300E9813D /* AJFlowLayout.m in Sources */,
				9C70B07A1EF36D2800E9813D /* ViewController.m in Sources */,
				9C70B0B51EF3B29400E9813D /* AJHeaderViewCollectionReusableView.m in Sources */,
				9C70B0771EF36D2800E9813D /* AppDelegate.m in Sources */,
				9C70B0741EF36D2800E9813D /* main.m in Sources */,
				9C70B0AB1EF36DF000E9813D /* AJCollectionViewCell.m in Sources */,
			);
			runOnlyForDeploymentPostprocessing = 0;
		};
		9C70B0841EF36D2800E9813D /* Sources */ = {
			isa = PBXSourcesBuildPhase;
			buildActionMask = 2147483647;
			files = (
				9C70B08D1EF36D2800E9813D /* AJCollectionViewTests.m in Sources */,
			);
			runOnlyForDeploymentPostprocessing = 0;
		};
		9C70B08F1EF36D2800E9813D /* Sources */ = {
			isa = PBXSourcesBuildPhase;
			buildActionMask = 2147483647;
			files = (
				9C70B0981EF36D2800E9813D /* AJCollectionViewUITests.m in Sources */,
			);
			runOnlyForDeploymentPostprocessing = 0;
		};
/* End PBXSourcesBuildPhase section */

/* Begin PBXTargetDependency section */
		9C70B08A1EF36D2800E9813D /* PBXTargetDependency */ = {
			isa = PBXTargetDependency;
			target = 9C70B06E1EF36D2800E9813D /* AJCollectionView */;
			targetProxy = 9C70B0891EF36D2800E9813D /* PBXContainerItemProxy */;
		};
		9C70B0951EF36D2800E9813D /* PBXTargetDependency */ = {
			isa = PBXTargetDependency;
			target = 9C70B06E1EF36D2800E9813D /* AJCollectionView */;
			targetProxy = 9C70B0941EF36D2800E9813D /* PBXContainerItemProxy */;
		};
/* End PBXTargetDependency section */

/* Begin PBXVariantGroup section */
		9C70B07B1EF36D2800E9813D /* Main.storyboard */ = {
			isa = PBXVariantGroup;
			children = (
				9C70B07C1EF36D2800E9813D /* Base */,
			);
			name = Main.storyboard;
			sourceTree = "<group>";
		};
		9C70B0801EF36D2800E9813D /* LaunchScreen.storyboard */ = {
			isa = PBXVariantGroup;
			children = (
				9C70B0811EF36D2800E9813D /* Base */,
			);
			name = LaunchScreen.storyboard;
			sourceTree = "<group>";
		};
/* End PBXVariantGroup section */

/* Begin XCBuildConfiguration section */
		9C70B09A1EF36D2900E9813D /* Debug */ = {
			isa = XCBuildConfiguration;
			buildSettings = {
				ALWAYS_SEARCH_USER_PATHS = NO;
				CLANG_ANALYZER_NONNULL = YES;
				CLANG_CXX_LANGUAGE_STANDARD = "gnu++0x";
				CLANG_CXX_LIBRARY = "libc++";
				CLANG_ENABLE_MODULES = YES;
				CLANG_ENABLE_OBJC_ARC = YES;
				CLANG_WARN_BOOL_CONVERSION = YES;
				CLANG_WARN_CONSTANT_CONVERSION = YES;
				CLANG_WARN_DIRECT_OBJC_ISA_USAGE = YES_ERROR;
				CLANG_WARN_DOCUMENTATION_COMMENTS = YES;
				CLANG_WARN_EMPTY_BODY = YES;
				CLANG_WARN_ENUM_CONVERSION = YES;
				CLANG_WARN_INFINITE_RECURSION = YES;
				CLANG_WARN_INT_CONVERSION = YES;
				CLANG_WARN_OBJC_ROOT_CLASS = YES_ERROR;
				CLANG_WARN_SUSPICIOUS_MOVES = YES;
				CLANG_WARN_UNREACHABLE_CODE = YES;
				CLANG_WARN__DUPLICATE_METHOD_MATCH = YES;
				"CODE_SIGN_IDENTITY[sdk=iphoneos*]" = "iPhone Developer";
				COPY_PHASE_STRIP = NO;
				DEBUG_INFORMATION_FORMAT = dwarf;
				ENABLE_STRICT_OBJC_MSGSEND = YES;
				ENABLE_TESTABILITY = YES;
				GCC_C_LANGUAGE_STANDARD = gnu99;
				GCC_DYNAMIC_NO_PIC = NO;
				GCC_NO_COMMON_BLOCKS = YES;
				GCC_OPTIMIZATION_LEVEL = 0;
				GCC_PREPROCESSOR_DEFINITIONS = (
					"DEBUG=1",
					"$(inherited)",
				);
				GCC_WARN_64_TO_32_BIT_CONVERSION = YES;
				GCC_WARN_ABOUT_RETURN_TYPE = YES_ERROR;
				GCC_WARN_UNDECLARED_SELECTOR = YES;
				GCC_WARN_UNINITIALIZED_AUTOS = YES_AGGRESSIVE;
				GCC_WARN_UNUSED_FUNCTION = YES;
				GCC_WARN_UNUSED_VARIABLE = YES;
				IPHONEOS_DEPLOYMENT_TARGET = 10.1;
				MTL_ENABLE_DEBUG_INFO = YES;
				ONLY_ACTIVE_ARCH = YES;
				SDKROOT = iphoneos;
			};
			name = Debug;
		};
		9C70B09B1EF36D2900E9813D /* Release */ = {
			isa = XCBuildConfiguration;
			buildSettings = {
				ALWAYS_SEARCH_USER_PATHS = NO;
				CLANG_ANALYZER_NONNULL = YES;
				CLANG_CXX_LANGUAGE_STANDARD = "gnu++0x";
				CLANG_CXX_LIBRARY = "libc++";
				CLANG_ENABLE_MODULES = YES;
				CLANG_ENABLE_OBJC_ARC = YES;
				CLANG_WARN_BOOL_CONVERSION = YES;
				CLANG_WARN_CONSTANT_CONVERSION = YES;
				CLANG_WARN_DIRECT_OBJC_ISA_USAGE = YES_ERROR;
				CLANG_WARN_DOCUMENTATION_COMMENTS = YES;
				CLANG_WARN_EMPTY_BODY = YES;
				CLANG_WARN_ENUM_CONVERSION = YES;
				CLANG_WARN_INFINITE_RECURSION = YES;
				CLANG_WARN_INT_CONVERSION = YES;
				CLANG_WARN_OBJC_ROOT_CLASS = YES_ERROR;
				CLANG_WARN_SUSPICIOUS_MOVES = YES;
				CLANG_WARN_UNREACHABLE_CODE = YES;
				CLANG_WARN__DUPLICATE_METHOD_MATCH = YES;
				"CODE_SIGN_IDENTITY[sdk=iphoneos*]" = "iPhone Developer";
				COPY_PHASE_STRIP = NO;
				DEBUG_INFORMATION_FORMAT = "dwarf-with-dsym";
				ENABLE_NS_ASSERTIONS = NO;
				ENABLE_STRICT_OBJC_MSGSEND = YES;
				GCC_C_LANGUAGE_STANDARD = gnu99;
				GCC_NO_COMMON_BLOCKS = YES;
				GCC_WARN_64_TO_32_BIT_CONVERSION = YES;
				GCC_WARN_ABOUT_RETURN_TYPE = YES_ERROR;
				GCC_WARN_UNDECLARED_SELECTOR = YES;
				GCC_WARN_UNINITIALIZED_AUTOS = YES_AGGRESSIVE;
				GCC_WARN_UNUSED_FUNCTION = YES;
				GCC_WARN_UNUSED_VARIABLE = YES;
				IPHONEOS_DEPLOYMENT_TARGET = 10.1;
				MTL_ENABLE_DEBUG_INFO = NO;
				SDKROOT = iphoneos;
				VALIDATE_PRODUCT = YES;
			};
			name = Release;
		};
		9C70B09D1EF36D2900E9813D /* Debug */ = {
			isa = XCBuildConfiguration;
			buildSettings = {
				ASSETCATALOG_COMPILER_APPICON_NAME = AppIcon;
				DEVELOPMENT_TEAM = YH49M9STFP;
				INFOPLIST_FILE = AJCollectionView/Info.plist;
				IPHONEOS_DEPLOYMENT_TARGET = 8.0;
				LD_RUNPATH_SEARCH_PATHS = "$(inherited) @executable_path/Frameworks";
				PRODUCT_BUNDLE_IDENTIFIER = com..AJCollectionView;
				PRODUCT_NAME = "$(TARGET_NAME)";
			};
			name = Debug;
		};
		9C70B09E1EF36D2900E9813D /* Release */ = {
			isa = XCBuildConfiguration;
			buildSettings = {
				ASSETCATALOG_COMPILER_APPICON_NAME = AppIcon;
				DEVELOPMENT_TEAM = YH49M9STFP;
				INFOPLIST_FILE = AJCollectionView/Info.plist;
				IPHONEOS_DEPLOYMENT_TARGET = 8.0;
				LD_RUNPATH_SEARCH_PATHS = "$(inherited) @executable_path/Frameworks";
				PRODUCT_BUNDLE_IDENTIFIER = com..AJCollectionView;
				PRODUCT_NAME = "$(TARGET_NAME)";
			};
			name = Release;
		};
		9C70B0A01EF36D2900E9813D /* Debug */ = {
			isa = XCBuildConfiguration;
			buildSettings = {
				BUNDLE_LOADER = "$(TEST_HOST)";
				DEVELOPMENT_TEAM = R3NJNLNRFZ;
				INFOPLIST_FILE = AJCollectionViewTests/Info.plist;
				LD_RUNPATH_SEARCH_PATHS = "$(inherited) @executable_path/Frameworks @loader_path/Frameworks";
				PRODUCT_BUNDLE_IDENTIFIER = com..AJCollectionViewTests;
				PRODUCT_NAME = "$(TARGET_NAME)";
				TEST_HOST = "$(BUILT_PRODUCTS_DIR)/AJCollectionView.app/AJCollectionView";
			};
			name = Debug;
		};
		9C70B0A11EF36D2900E9813D /* Release */ = {
			isa = XCBuildConfiguration;
			buildSettings = {
				BUNDLE_LOADER = "$(TEST_HOST)";
				DEVELOPMENT_TEAM = R3NJNLNRFZ;
				INFOPLIST_FILE = AJCollectionViewTests/Info.plist;
				LD_RUNPATH_SEARCH_PATHS = "$(inherited) @executable_path/Frameworks @loader_path/Frameworks";
				PRODUCT_BUNDLE_IDENTIFIER = com..AJCollectionViewTests;
				PRODUCT_NAME = "$(TARGET_NAME)";
				TEST_HOST = "$(BUILT_PRODUCTS_DIR)/AJCollectionView.app/AJCollectionView";
			};
			name = Release;
		};
		9C70B0A31EF36D2900E9813D /* Debug */ = {
			isa = XCBuildConfiguration;
			buildSettings = {
				DEVELOPMENT_TEAM = R3NJNLNRFZ;
				INFOPLIST_FILE = AJCollectionViewUITests/Info.plist;
				LD_RUNPATH_SEARCH_PATHS = "$(inherited) @executable_path/Frameworks @loader_path/Frameworks";
				PRODUCT_BUNDLE_IDENTIFIER = com..AJCollectionViewUITests;
				PRODUCT_NAME = "$(TARGET_NAME)";
				TEST_TARGET_NAME = AJCollectionView;
			};
			name = Debug;
		};
		9C70B0A41EF36D2900E9813D /* Release */ = {
			isa = XCBuildConfiguration;
			buildSettings = {
				DEVELOPMENT_TEAM = R3NJNLNRFZ;
				INFOPLIST_FILE = AJCollectionViewUITests/Info.plist;
				LD_RUNPATH_SEARCH_PATHS = "$(inherited) @executable_path/Frameworks @loader_path/Frameworks";
				PRODUCT_BUNDLE_IDENTIFIER = com..AJCollectionViewUITests;
				PRODUCT_NAME = "$(TARGET_NAME)";
				TEST_TARGET_NAME = AJCollectionView;
			};
			name = Release;
		};
/* End XCBuildConfiguration section */

/* Begin XCConfigurationList section */
		9C70B06A1EF36D2800E9813D /* Build configuration list for PBXProject "AJCollectionView" */ = {
			isa = XCConfigurationList;
			buildConfigurations = (
				9C70B09A1EF36D2900E9813D /* Debug */,
				9C70B09B1EF36D2900E9813D /* Release */,
			);
			defaultConfigurationIsVisible = 0;
			defaultConfigurationName = Release;
		};
		9C70B09C1EF36D2900E9813D /* Build configuration list for PBXNativeTarget "AJCollectionView" */ = {
			isa = XCConfigurationList;
			buildConfigurations = (
				9C70B09D1EF36D2900E9813D /* Debug */,
				9C70B09E1EF36D2900E9813D /* Release */,
			);
			defaultConfigurationIsVisible = 0;
		};
		9C70B09F1EF36D2900E9813D /* Build configuration list for PBXNativeTarget "AJCollectionViewTests" */ = {
			isa = XCConfigurationList;
			buildConfigurations = (
				9C70B0A01EF36D2900E9813D /* Debug */,
				9C70B0A11EF36D2900E9813D /* Release */,
			);
			defaultConfigurationIsVisible = 0;
		};
		9C70B0A21EF36D2900E9813D /* Build configuration list for PBXNativeTarget "AJCollectionViewUITests" */ = {
			isa = XCConfigurationList;
			buildConfigurations = (
				9C70B0A31EF36D2900E9813D /* Debug */,
				9C70B0A41EF36D2900E9813D /* Release */,
			);
			defaultConfigurationIsVisible = 0;
		};
/* End XCConfigurationList section */
	};
	rootObject = 9C70B0671EF36D2800E9813D /* Project object */;
}
